
Microsoft Visual Studio Solution File, Format Version 12.00
# Visual Studio Version 17
VisualStudioVersion = 17.11.35327.3
MinimumVisualStudioVersion = 10.0.40219.1
Project("{2150E333-8FDC-42A3-9474-1A3956D46DE8}") = "Solution Items", "Solution Items", "{DD79BA21-B485-411E-B132-0C1A462FFABF}"
	ProjectSection(SolutionItems) = preProject
		Appium.Net\appium-icon.png = Appium.Net\appium-icon.png
		..\azure-pipelines.yml = ..\azure-pipelines.yml
		..\CHANGELOG.MD = ..\CHANGELOG.MD
		..\README.md = ..\README.md
	EndProjectSection
EndProject
Project("{9A19103F-16F7-4668-BE54-9A1E7A4F7556}") = "Appium.Net", "src\Appium.Net\Appium.Net.csproj", "{543DA877-7D38-4761-9623-BFD8DA4259DA}"
EndProject
Project("{9A19103F-16F7-4668-BE54-9A1E7A4F7556}") = "Appium.Net.Integration.Tests", "test\integration\Appium.Net.Integration.Tests.csproj", "{70D3D545-5F3D-4196-90AD-666FE2E0E740}"
EndProject
Global
	GlobalSection(SolutionConfigurationPlatforms) = preSolution
		Debug|Any CPU = Debug|Any CPU
		Release|Any CPU = Release|Any CPU
	EndGlobalSection
	GlobalSection(ProjectConfigurationPlatforms) = postSolution
		{543DA877-7D38-4761-9623-BFD8DA4259DA}.Debug|Any CPU.ActiveCfg = Debug|Any CPU
		{543DA877-7D38-4761-9623-BFD8DA4259DA}.Debug|Any CPU.Build.0 = Debug|Any CPU
		{543DA877-7D38-4761-9623-BFD8DA4259DA}.Release|Any CPU.ActiveCfg = Release|Any CPU
		{543DA877-7D38-4761-9623-BFD8DA4259DA}.Release|Any CPU.Build.0 = Release|Any CPU
		{70D3D545-5F3D-4196-90AD-666FE2E0E740}.Debug|Any CPU.ActiveCfg = Debug|Any CPU
		{70D3D545-5F3D-4196-90AD-666FE2E0E740}.Debug|Any CPU.Build.0 = Debug|Any CPU
		{70D3D545-5F3D-4196-90AD-666FE2E0E740}.Release|Any CPU.ActiveCfg = Release|Any CPU
		{70D3D545-5F3D-4196-90AD-666FE2E0E740}.Release|Any CPU.Build.0 = Release|Any CPU
	EndGlobalSection
	GlobalSection(SolutionProperties) = preSolution
		HideSolutionNode = FALSE
	EndGlobalSection
	GlobalSection(ExtensibilityGlobals) = postSolution
		SolutionGuid = {47DBA927-D89B-4A67-8536-8A2602961661}
	EndGlobalSection
	GlobalSection(MonoDevelopProperties) = preSolution
		StartupItem = appium-dotnet-driver\appium-dotnet-driver.csproj
		Policies = $0
		$0.DotNetNamingPolicy = $1
		$1.DirectoryNamespaceAssociation = None
		$1.ResourceNamePolicy = FileFormatDefault
		$0.TextStylePolicy = $9
		$2.FileWidth = 120
		$2.EolMarker = Windows
		$2.inheritsSet = VisualStudio
		$2.inheritsScope = text/plain
		$2.scope = text/x-csharp
		$0.CSharpFormattingPolicy = $3
		$3.AfterDelegateDeclarationParameterComma = True
		$3.inheritsSet = Mono
		$3.inheritsScope = text/x-csharp
		$3.scope = text/x-csharp
		$4.FileWidth = 120
		$4.TabsToSpaces = False
		$4.EolMarker = Windows
		$4.inheritsSet = VisualStudio
		$4.inheritsScope = text/plain
		$4.scope = text/plain
		$5.inheritsSet = null
		$5.scope = application/config+xml
		$0.XmlFormattingPolicy = $8
		$6.inheritsSet = null
		$6.scope = application/config+xml
		$7.FileWidth = 120
		$7.EolMarker = Windows
		$7.inheritsSet = VisualStudio
		$7.inheritsScope = text/plain
		$7.scope = application/xml
		$8.inheritsSet = Mono
		$8.inheritsScope = application/xml
		$8.scope = application/xml
		$9.FileWidth = 120
		$9.EolMarker = Windows
		$9.inheritsSet = VisualStudio
		$9.inheritsScope = text/plain
		$9.scope = text/html
		$0.StandardHeader = $10
		$10.Text = 
		$10.IncludeInNewFiles = True
		$0.NameConventionPolicy = $11
		$11.Rules = $12
		$12.NamingRule = $32
		$13.Name = Namespaces
		$13.AffectedEntity = Namespace
		$13.VisibilityMask = VisibilityMask
		$13.NamingStyle = PascalCase
		$13.IncludeInstanceMembers = True
		$13.IncludeStaticEntities = True
		$14.Name = Types
		$14.AffectedEntity = Class, Struct, Enum, Delegate
		$14.VisibilityMask = Public
		$14.NamingStyle = PascalCase
		$14.IncludeInstanceMembers = True
		$14.IncludeStaticEntities = True
		$15.Name = Interfaces
		$15.RequiredPrefixes = $16
		$16.String = I
		$15.AffectedEntity = Interface
		$15.VisibilityMask = Public
		$15.NamingStyle = PascalCase
		$15.IncludeInstanceMembers = True
		$15.IncludeStaticEntities = True
		$17.Name = Attributes
		$17.RequiredSuffixes = $18
		$18.String = Attribute
		$17.AffectedEntity = CustomAttributes
		$17.VisibilityMask = Public
		$17.NamingStyle = PascalCase
		$17.IncludeInstanceMembers = True
		$17.IncludeStaticEntities = True
		$19.Name = Event Arguments
		$19.RequiredSuffixes = $20
		$20.String = EventArgs
		$19.AffectedEntity = CustomEventArgs
		$19.VisibilityMask = Public
		$19.NamingStyle = PascalCase
		$19.IncludeInstanceMembers = True
		$19.IncludeStaticEntities = True
		$21.Name = Exceptions
		$21.RequiredSuffixes = $22
		$22.String = Exception
		$21.AffectedEntity = CustomExceptions
		$21.VisibilityMask = VisibilityMask
		$21.NamingStyle = PascalCase
		$21.IncludeInstanceMembers = True
		$21.IncludeStaticEntities = True
		$23.Name = Methods
		$23.AffectedEntity = Methods
		$23.VisibilityMask = Protected, Public
		$23.NamingStyle = PascalCase
		$23.IncludeInstanceMembers = True
		$23.IncludeStaticEntities = True
		$24.Name = Static Readonly Fields
		$24.AffectedEntity = ReadonlyField
		$24.VisibilityMask = Protected, Public
		$24.NamingStyle = PascalCase
		$24.IncludeInstanceMembers = False
		$24.IncludeStaticEntities = True
		$25.Name = Fields
		$25.AffectedEntity = Field
		$25.VisibilityMask = Protected, Public
		$25.NamingStyle = PascalCase
		$25.IncludeInstanceMembers = True
		$25.IncludeStaticEntities = True
		$26.Name = ReadOnly Fields
		$26.AffectedEntity = ReadonlyField
		$26.VisibilityMask = Protected, Public
		$26.NamingStyle = PascalCase
		$26.IncludeInstanceMembers = True
		$26.IncludeStaticEntities = False
		$27.Name = Constant Fields
		$27.AffectedEntity = ConstantField
		$27.VisibilityMask = Protected, Public
		$27.NamingStyle = PascalCase
		$27.IncludeInstanceMembers = True
		$27.IncludeStaticEntities = True
		$28.Name = Properties
		$28.AffectedEntity = Property
		$28.VisibilityMask = Protected, Public
		$28.NamingStyle = PascalCase
		$28.IncludeInstanceMembers = True
		$28.IncludeStaticEntities = True
		$29.Name = Events
		$29.AffectedEntity = Event
		$29.VisibilityMask = Protected, Public
		$29.NamingStyle = PascalCase
		$29.IncludeInstanceMembers = True
		$29.IncludeStaticEntities = True
		$30.Name = Enum Members
		$30.AffectedEntity = EnumMember
		$30.VisibilityMask = VisibilityMask
		$30.NamingStyle = PascalCase
		$30.IncludeInstanceMembers = True
		$30.IncludeStaticEntities = True
		$31.Name = Parameters
		$31.AffectedEntity = Parameter
		$31.VisibilityMask = VisibilityMask
		$31.NamingStyle = CamelCase
		$31.IncludeInstanceMembers = True
		$31.IncludeStaticEntities = True
		$32.Name = Type Parameters
		$32.RequiredPrefixes = $33
		$33.String = T
		$32.AffectedEntity = TypeParameter
		$32.VisibilityMask = VisibilityMask
		$32.NamingStyle = PascalCase
		$32.IncludeInstanceMembers = True
		$32.IncludeStaticEntities = True
	EndGlobalSection
EndGlobal
